
Microsoft Visual Studio Solution File, Format Version 12.00
# Visual Studio Version 17
VisualStudioVersion = 17.8.34309.116
MinimumVisualStudioVersion = 10.0.40219.1
Project("{2150E333-8FDC-42A3-9474-1A3956D46DE8}") = "Solution Items", "Solution Items", "{17EEC538-D2CA-424E-BC42-D35A7C4E6B42}"
	ProjectSection(SolutionItems) = preProject
		.editorconfig = .editorconfig
		Directory.Build.props = Directory.Build.props
	EndProjectSection
EndProject
Project("{2150E333-8FDC-42A3-9474-1A3956D46DE8}") = "src", "src", "{94099085-1A7D-42A8-B1DF-DDCDC303DF3D}"
EndProject
Project("{2150E333-8FDC-42A3-9474-1A3956D46DE8}") = "API", "API", "{CE3FBB66-B03E-4779-A0BF-BC2C07C8ABF3}"
EndProject
Project("{2150E333-8FDC-42A3-9474-1A3956D46DE8}") = "Modules", "Modules", "{4CCEAA66-E99F-4438-9CC8-92F48BE6115B}"
EndProject
Project("{9A19103F-16F7-4668-BE54-9A1E7A4F7556}") = "Evently.Api", "Evently.Api\Evently.Api.csproj", "{A592E0E4-EF72-43E1-A51F-D9581FF8DB79}"
EndProject
Project("{E53339B2-1760-4266-BCC7-CA923CBCF16C}") = "docker-compose", "docker-compose.dcproj", "{110CC70A-848B-4254-ABBD-F89C9F6B9577}"
EndProject
Project("{9A19103F-16F7-4668-BE54-9A1E7A4F7556}") = "Evently.Modules.Events.Domain", "Modules\Events\Evently.Modules.Events.Domain\Evently.Modules.Events.Domain.csproj", "{B5AE92FA-AEB5-490C-BA14-25A778061221}"
EndProject
Project("{2150E333-8FDC-42A3-9474-1A3956D46DE8}") = "Events", "Events", "{C0465E3F-C38C-4AA7-B83C-319874225936}"
EndProject
Project("{9A19103F-16F7-4668-BE54-9A1E7A4F7556}") = "Evently.Modules.Events.Application", "Modules\Events\Evently.Modules.Events.Application\Evently.Modules.Events.Application.csproj", "{0CF9D3EE-C7A4-4233-837D-232FD1D13570}"
EndProject
Project("{9A19103F-16F7-4668-BE54-9A1E7A4F7556}") = "Evently.Modules.Events.Infrastructure", "Modules\Events\Evently.Modules.Events.Infrastructure\Evently.Modules.Events.Infrastructure.csproj", "{9353C33A-A6B8-4789-B7BF-66B648650EB7}"
EndProject
Project("{9A19103F-16F7-4668-BE54-9A1E7A4F7556}") = "Evently.Modules.Events.Presentation", "Modules\Events\Evently.Modules.Events.Presentation\Evently.Modules.Events.Presentation.csproj", "{14189A09-6ECF-407A-92CC-A706D3AEB7DD}"
EndProject
Project("{2150E333-8FDC-42A3-9474-1A3956D46DE8}") = "Common", "Common", "{ABFD08EA-5DA7-4FB5-8FE2-1C515F75F7B9}"
EndProject
Project("{9A19103F-16F7-4668-BE54-9A1E7A4F7556}") = "Evently.Common.Application", "Common\Evently.Common.Application\Evently.Common.Application.csproj", "{F7576254-FBDB-42E5-A8E7-B6CD99C10B2F}"
EndProject
Project("{9A19103F-16F7-4668-BE54-9A1E7A4F7556}") = "Evently.Common.Domain", "Common\Evently.Common.Domain\Evently.Common.Domain.csproj", "{B1423140-B598-4F94-A38F-59C3F17E08BC}"
EndProject
Project("{9A19103F-16F7-4668-BE54-9A1E7A4F7556}") = "Evently.Common.Infrastructure", "Common\Evently.Common.Infrastructure\Evently.Common.Infrastructure.csproj", "{576FA3FA-9874-4022-9D1A-66F5C6CB9EBC}"
EndProject
Project("{9A19103F-16F7-4668-BE54-9A1E7A4F7556}") = "Evently.Common.Presentation", "Common\Evently.Common.Presentation\Evently.Common.Presentation.csproj", "{28D75C01-A649-46FA-9C37-00AB55F9FED2}"
EndProject
Project("{2150E333-8FDC-42A3-9474-1A3956D46DE8}") = "Users", "Users", "{4239ECB1-6FBB-4D3D-BE28-25C406217BE4}"
EndProject
Project("{9A19103F-16F7-4668-BE54-9A1E7A4F7556}") = "Evently.Modules.Users.Domain", "Modules\Users\Evently.Modules.Users.Domain\Evently.Modules.Users.Domain.csproj", "{A5508871-9072-4D95-90E8-7AB7B95C5B65}"
EndProject
Project("{9A19103F-16F7-4668-BE54-9A1E7A4F7556}") = "Evently.Modules.Users.Infrastructure", "Modules\Users\Evently.Modules.Users.Infrastructure\Evently.Modules.Users.Infrastructure.csproj", "{35C79E7D-1815-49BB-8400-B0649639ED02}"
EndProject
Project("{9A19103F-16F7-4668-BE54-9A1E7A4F7556}") = "Evently.Modules.Users.Application", "Modules\Users\Evently.Modules.Users.Application\Evently.Modules.Users.Application.csproj", "{E7BCA33E-B861-42E2-9D3A-58448C6B5878}"
EndProject
Project("{9A19103F-16F7-4668-BE54-9A1E7A4F7556}") = "Evently.Modules.Users.Presentation", "Modules\Users\Evently.Modules.Users.Presentation\Evently.Modules.Users.Presentation.csproj", "{0ECF5882-2719-459D-B5DC-91EC2E6174B3}"
EndProject
Project("{2150E333-8FDC-42A3-9474-1A3956D46DE8}") = "Ticketing", "Ticketing", "{1448C067-CC54-4237-8604-974545245DF8}"
EndProject
Project("{9A19103F-16F7-4668-BE54-9A1E7A4F7556}") = "Evently.Modules.Ticketing.Application", "Modules\Ticketing\Evently.Modules.Ticketing.Application\Evently.Modules.Ticketing.Application.csproj", "{22E3DE1C-C191-4CBC-9DF9-B8CDD029D2E7}"
EndProject
Project("{9A19103F-16F7-4668-BE54-9A1E7A4F7556}") = "Evently.Modules.Ticketing.Domain", "Modules\Ticketing\Evently.Modules.Ticketing.Domain\Evently.Modules.Ticketing.Domain.csproj", "{AD7BEB38-2AF3-4E0D-A87A-F026D59EE3FA}"
EndProject
Project("{9A19103F-16F7-4668-BE54-9A1E7A4F7556}") = "Evently.Modules.Ticketing.Infrastracture", "Modules\Ticketing\Evently.Modules.Ticketing.Infrastracture\Evently.Modules.Ticketing.Infrastracture.csproj", "{2B356B48-660C-4F8C-ADD0-81B86AE27C23}"
EndProject
Project("{9A19103F-16F7-4668-BE54-9A1E7A4F7556}") = "Evently.Modules.Ticketing.Presentation", "Modules\Ticketing\Evently.Modules.Ticketing.Presentation\Evently.Modules.Ticketing.Presentation.csproj", "{0FB2D0A9-9C9B-4C2D-954F-28B2E8ABBE32}"
EndProject
Project("{9A19103F-16F7-4668-BE54-9A1E7A4F7556}") = "Evently.Modules.Events.PublicApi", "Modules\Events\Evently.Modules.Events.PublicApi\Evently.Modules.Events.PublicApi.csproj", "{AA9381D4-AD8A-4C22-9901-6EBEAC8EC749}"
EndProject
Project("{9A19103F-16F7-4668-BE54-9A1E7A4F7556}") = "Evently.Modules.Users.IntegrationEvents", "Modules\Users\Evently.Modules.Users.IntegrationEvents\Evently.Modules.Users.IntegrationEvents.csproj", "{8FBE3E82-61C0-4855-B999-DF69DCDBE9A9}"
EndProject
Project("{2150E333-8FDC-42A3-9474-1A3956D46DE8}") = "tests", "tests", "{45664D5D-7622-4BBE-B4E3-21700F01C782}"
EndProject
Project("{FAE04EC0-301F-11D3-BF4B-00C04F79EFBC}") = "Evently.Archtecture.Tests", "tests\Evently.Archtecture.Tests\Evently.Archtecture.Tests.csproj", "{26FA7561-5FB9-41FF-AC49-8A911B1B3069}"
EndProject
Project("{2150E333-8FDC-42A3-9474-1A3956D46DE8}") = "tests", "tests", "{D1B24D0B-9405-47ED-A5BB-6A4AD22078CB}"
EndProject
Project("{FAE04EC0-301F-11D3-BF4B-00C04F79EFBC}") = "Evently.Module.Users.ArchtectureTests", "Modules\Users\tests\Evently.Module.Users.ArchtectureTests\Evently.Module.Users.ArchtectureTests.csproj", "{205ECC60-13DD-4D42-9C03-759F47006051}"
EndProject
Global
	GlobalSection(SolutionConfigurationPlatforms) = preSolution
		Debug|Any CPU = Debug|Any CPU
		Release|Any CPU = Release|Any CPU
	EndGlobalSection
	GlobalSection(ProjectConfigurationPlatforms) = postSolution
		{A592E0E4-EF72-43E1-A51F-D9581FF8DB79}.Debug|Any CPU.ActiveCfg = Debug|Any CPU
		{A592E0E4-EF72-43E1-A51F-D9581FF8DB79}.Debug|Any CPU.Build.0 = Debug|Any CPU
		{A592E0E4-EF72-43E1-A51F-D9581FF8DB79}.Release|Any CPU.ActiveCfg = Release|Any CPU
		{A592E0E4-EF72-43E1-A51F-D9581FF8DB79}.Release|Any CPU.Build.0 = Release|Any CPU
		{110CC70A-848B-4254-ABBD-F89C9F6B9577}.Debug|Any CPU.ActiveCfg = Debug|Any CPU
		{110CC70A-848B-4254-ABBD-F89C9F6B9577}.Debug|Any CPU.Build.0 = Debug|Any CPU
		{110CC70A-848B-4254-ABBD-F89C9F6B9577}.Release|Any CPU.ActiveCfg = Release|Any CPU
		{110CC70A-848B-4254-ABBD-F89C9F6B9577}.Release|Any CPU.Build.0 = Release|Any CPU
		{B5AE92FA-AEB5-490C-BA14-25A778061221}.Debug|Any CPU.ActiveCfg = Debug|Any CPU
		{B5AE92FA-AEB5-490C-BA14-25A778061221}.Debug|Any CPU.Build.0 = Debug|Any CPU
		{B5AE92FA-AEB5-490C-BA14-25A778061221}.Release|Any CPU.ActiveCfg = Release|Any CPU
		{B5AE92FA-AEB5-490C-BA14-25A778061221}.Release|Any CPU.Build.0 = Release|Any CPU
		{0CF9D3EE-C7A4-4233-837D-232FD1D13570}.Debug|Any CPU.ActiveCfg = Debug|Any CPU
		{0CF9D3EE-C7A4-4233-837D-232FD1D13570}.Debug|Any CPU.Build.0 = Debug|Any CPU
		{0CF9D3EE-C7A4-4233-837D-232FD1D13570}.Release|Any CPU.ActiveCfg = Release|Any CPU
		{0CF9D3EE-C7A4-4233-837D-232FD1D13570}.Release|Any CPU.Build.0 = Release|Any CPU
		{9353C33A-A6B8-4789-B7BF-66B648650EB7}.Debug|Any CPU.ActiveCfg = Debug|Any CPU
		{9353C33A-A6B8-4789-B7BF-66B648650EB7}.Debug|Any CPU.Build.0 = Debug|Any CPU
		{9353C33A-A6B8-4789-B7BF-66B648650EB7}.Release|Any CPU.ActiveCfg = Release|Any CPU
		{9353C33A-A6B8-4789-B7BF-66B648650EB7}.Release|Any CPU.Build.0 = Release|Any CPU
		{14189A09-6ECF-407A-92CC-A706D3AEB7DD}.Debug|Any CPU.ActiveCfg = Debug|Any CPU
		{14189A09-6ECF-407A-92CC-A706D3AEB7DD}.Debug|Any CPU.Build.0 = Debug|Any CPU
		{14189A09-6ECF-407A-92CC-A706D3AEB7DD}.Release|Any CPU.ActiveCfg = Release|Any CPU
		{14189A09-6ECF-407A-92CC-A706D3AEB7DD}.Release|Any CPU.Build.0 = Release|Any CPU
		{F7576254-FBDB-42E5-A8E7-B6CD99C10B2F}.Debug|Any CPU.ActiveCfg = Debug|Any CPU
		{F7576254-FBDB-42E5-A8E7-B6CD99C10B2F}.Debug|Any CPU.Build.0 = Debug|Any CPU
		{F7576254-FBDB-42E5-A8E7-B6CD99C10B2F}.Release|Any CPU.ActiveCfg = Release|Any CPU
		{F7576254-FBDB-42E5-A8E7-B6CD99C10B2F}.Release|Any CPU.Build.0 = Release|Any CPU
		{B1423140-B598-4F94-A38F-59C3F17E08BC}.Debug|Any CPU.ActiveCfg = Debug|Any CPU
		{B1423140-B598-4F94-A38F-59C3F17E08BC}.Debug|Any CPU.Build.0 = Debug|Any CPU
		{B1423140-B598-4F94-A38F-59C3F17E08BC}.Release|Any CPU.ActiveCfg = Release|Any CPU
		{B1423140-B598-4F94-A38F-59C3F17E08BC}.Release|Any CPU.Build.0 = Release|Any CPU
		{576FA3FA-9874-4022-9D1A-66F5C6CB9EBC}.Debug|Any CPU.ActiveCfg = Debug|Any CPU
		{576FA3FA-9874-4022-9D1A-66F5C6CB9EBC}.Debug|Any CPU.Build.0 = Debug|Any CPU
		{576FA3FA-9874-4022-9D1A-66F5C6CB9EBC}.Release|Any CPU.ActiveCfg = Release|Any CPU
		{576FA3FA-9874-4022-9D1A-66F5C6CB9EBC}.Release|Any CPU.Build.0 = Release|Any CPU
		{28D75C01-A649-46FA-9C37-00AB55F9FED2}.Debug|Any CPU.ActiveCfg = Debug|Any CPU
		{28D75C01-A649-46FA-9C37-00AB55F9FED2}.Debug|Any CPU.Build.0 = Debug|Any CPU
		{28D75C01-A649-46FA-9C37-00AB55F9FED2}.Release|Any CPU.ActiveCfg = Release|Any CPU
		{28D75C01-A649-46FA-9C37-00AB55F9FED2}.Release|Any CPU.Build.0 = Release|Any CPU
		{A5508871-9072-4D95-90E8-7AB7B95C5B65}.Debug|Any CPU.ActiveCfg = Debug|Any CPU
		{A5508871-9072-4D95-90E8-7AB7B95C5B65}.Debug|Any CPU.Build.0 = Debug|Any CPU
		{A5508871-9072-4D95-90E8-7AB7B95C5B65}.Release|Any CPU.ActiveCfg = Release|Any CPU
		{A5508871-9072-4D95-90E8-7AB7B95C5B65}.Release|Any CPU.Build.0 = Release|Any CPU
		{35C79E7D-1815-49BB-8400-B0649639ED02}.Debug|Any CPU.ActiveCfg = Debug|Any CPU
		{35C79E7D-1815-49BB-8400-B0649639ED02}.Debug|Any CPU.Build.0 = Debug|Any CPU
		{35C79E7D-1815-49BB-8400-B0649639ED02}.Release|Any CPU.ActiveCfg = Release|Any CPU
		{35C79E7D-1815-49BB-8400-B0649639ED02}.Release|Any CPU.Build.0 = Release|Any CPU
		{E7BCA33E-B861-42E2-9D3A-58448C6B5878}.Debug|Any CPU.ActiveCfg = Debug|Any CPU
		{E7BCA33E-B861-42E2-9D3A-58448C6B5878}.Debug|Any CPU.Build.0 = Debug|Any CPU
		{E7BCA33E-B861-42E2-9D3A-58448C6B5878}.Release|Any CPU.ActiveCfg = Release|Any CPU
		{E7BCA33E-B861-42E2-9D3A-58448C6B5878}.Release|Any CPU.Build.0 = Release|Any CPU
		{0ECF5882-2719-459D-B5DC-91EC2E6174B3}.Debug|Any CPU.ActiveCfg = Debug|Any CPU
		{0ECF5882-2719-459D-B5DC-91EC2E6174B3}.Debug|Any CPU.Build.0 = Debug|Any CPU
		{0ECF5882-2719-459D-B5DC-91EC2E6174B3}.Release|Any CPU.ActiveCfg = Release|Any CPU
		{0ECF5882-2719-459D-B5DC-91EC2E6174B3}.Release|Any CPU.Build.0 = Release|Any CPU
		{22E3DE1C-C191-4CBC-9DF9-B8CDD029D2E7}.Debug|Any CPU.ActiveCfg = Debug|Any CPU
		{22E3DE1C-C191-4CBC-9DF9-B8CDD029D2E7}.Debug|Any CPU.Build.0 = Debug|Any CPU
		{22E3DE1C-C191-4CBC-9DF9-B8CDD029D2E7}.Release|Any CPU.ActiveCfg = Release|Any CPU
		{22E3DE1C-C191-4CBC-9DF9-B8CDD029D2E7}.Release|Any CPU.Build.0 = Release|Any CPU
		{AD7BEB38-2AF3-4E0D-A87A-F026D59EE3FA}.Debug|Any CPU.ActiveCfg = Debug|Any CPU
		{AD7BEB38-2AF3-4E0D-A87A-F026D59EE3FA}.Debug|Any CPU.Build.0 = Debug|Any CPU
		{AD7BEB38-2AF3-4E0D-A87A-F026D59EE3FA}.Release|Any CPU.ActiveCfg = Release|Any CPU
		{AD7BEB38-2AF3-4E0D-A87A-F026D59EE3FA}.Release|Any CPU.Build.0 = Release|Any CPU
		{2B356B48-660C-4F8C-ADD0-81B86AE27C23}.Debug|Any CPU.ActiveCfg = Debug|Any CPU
		{2B356B48-660C-4F8C-ADD0-81B86AE27C23}.Debug|Any CPU.Build.0 = Debug|Any CPU
		{2B356B48-660C-4F8C-ADD0-81B86AE27C23}.Release|Any CPU.ActiveCfg = Release|Any CPU
		{2B356B48-660C-4F8C-ADD0-81B86AE27C23}.Release|Any CPU.Build.0 = Release|Any CPU
		{0FB2D0A9-9C9B-4C2D-954F-28B2E8ABBE32}.Debug|Any CPU.ActiveCfg = Debug|Any CPU
		{0FB2D0A9-9C9B-4C2D-954F-28B2E8ABBE32}.Debug|Any CPU.Build.0 = Debug|Any CPU
		{0FB2D0A9-9C9B-4C2D-954F-28B2E8ABBE32}.Release|Any CPU.ActiveCfg = Release|Any CPU
		{0FB2D0A9-9C9B-4C2D-954F-28B2E8ABBE32}.Release|Any CPU.Build.0 = Release|Any CPU
		{AA9381D4-AD8A-4C22-9901-6EBEAC8EC749}.Debug|Any CPU.ActiveCfg = Debug|Any CPU
		{AA9381D4-AD8A-4C22-9901-6EBEAC8EC749}.Debug|Any CPU.Build.0 = Debug|Any CPU
		{AA9381D4-AD8A-4C22-9901-6EBEAC8EC749}.Release|Any CPU.ActiveCfg = Release|Any CPU
		{AA9381D4-AD8A-4C22-9901-6EBEAC8EC749}.Release|Any CPU.Build.0 = Release|Any CPU
		{8FBE3E82-61C0-4855-B999-DF69DCDBE9A9}.Debug|Any CPU.ActiveCfg = Debug|Any CPU
		{8FBE3E82-61C0-4855-B999-DF69DCDBE9A9}.Debug|Any CPU.Build.0 = Debug|Any CPU
		{8FBE3E82-61C0-4855-B999-DF69DCDBE9A9}.Release|Any CPU.ActiveCfg = Release|Any CPU
		{8FBE3E82-61C0-4855-B999-DF69DCDBE9A9}.Release|Any CPU.Build.0 = Release|Any CPU
		{26FA7561-5FB9-41FF-AC49-8A911B1B3069}.Debug|Any CPU.ActiveCfg = Debug|Any CPU
		{26FA7561-5FB9-41FF-AC49-8A911B1B3069}.Debug|Any CPU.Build.0 = Debug|Any CPU
		{26FA7561-5FB9-41FF-AC49-8A911B1B3069}.Release|Any CPU.ActiveCfg = Release|Any CPU
		{26FA7561-5FB9-41FF-AC49-8A911B1B3069}.Release|Any CPU.Build.0 = Release|Any CPU
		{205ECC60-13DD-4D42-9C03-759F47006051}.Debug|Any CPU.ActiveCfg = Debug|Any CPU
		{205ECC60-13DD-4D42-9C03-759F47006051}.Debug|Any CPU.Build.0 = Debug|Any CPU
		{205ECC60-13DD-4D42-9C03-759F47006051}.Release|Any CPU.ActiveCfg = Release|Any CPU
		{205ECC60-13DD-4D42-9C03-759F47006051}.Release|Any CPU.Build.0 = Release|Any CPU
	EndGlobalSection
	GlobalSection(SolutionProperties) = preSolution
		HideSolutionNode = FALSE
	EndGlobalSection
	GlobalSection(NestedProjects) = preSolution
		{CE3FBB66-B03E-4779-A0BF-BC2C07C8ABF3} = {94099085-1A7D-42A8-B1DF-DDCDC303DF3D}
		{4CCEAA66-E99F-4438-9CC8-92F48BE6115B} = {94099085-1A7D-42A8-B1DF-DDCDC303DF3D}
		{A592E0E4-EF72-43E1-A51F-D9581FF8DB79} = {CE3FBB66-B03E-4779-A0BF-BC2C07C8ABF3}
		{B5AE92FA-AEB5-490C-BA14-25A778061221} = {C0465E3F-C38C-4AA7-B83C-319874225936}
		{C0465E3F-C38C-4AA7-B83C-319874225936} = {4CCEAA66-E99F-4438-9CC8-92F48BE6115B}
		{0CF9D3EE-C7A4-4233-837D-232FD1D13570} = {C0465E3F-C38C-4AA7-B83C-319874225936}
		{9353C33A-A6B8-4789-B7BF-66B648650EB7} = {C0465E3F-C38C-4AA7-B83C-319874225936}
		{14189A09-6ECF-407A-92CC-A706D3AEB7DD} = {C0465E3F-C38C-4AA7-B83C-319874225936}
		{ABFD08EA-5DA7-4FB5-8FE2-1C515F75F7B9} = {94099085-1A7D-42A8-B1DF-DDCDC303DF3D}
		{F7576254-FBDB-42E5-A8E7-B6CD99C10B2F} = {ABFD08EA-5DA7-4FB5-8FE2-1C515F75F7B9}
		{B1423140-B598-4F94-A38F-59C3F17E08BC} = {ABFD08EA-5DA7-4FB5-8FE2-1C515F75F7B9}
		{576FA3FA-9874-4022-9D1A-66F5C6CB9EBC} = {ABFD08EA-5DA7-4FB5-8FE2-1C515F75F7B9}
		{28D75C01-A649-46FA-9C37-00AB55F9FED2} = {ABFD08EA-5DA7-4FB5-8FE2-1C515F75F7B9}
		{4239ECB1-6FBB-4D3D-BE28-25C406217BE4} = {4CCEAA66-E99F-4438-9CC8-92F48BE6115B}
		{A5508871-9072-4D95-90E8-7AB7B95C5B65} = {4239ECB1-6FBB-4D3D-BE28-25C406217BE4}
		{35C79E7D-1815-49BB-8400-B0649639ED02} = {4239ECB1-6FBB-4D3D-BE28-25C406217BE4}
		{E7BCA33E-B861-42E2-9D3A-58448C6B5878} = {4239ECB1-6FBB-4D3D-BE28-25C406217BE4}
		{0ECF5882-2719-459D-B5DC-91EC2E6174B3} = {4239ECB1-6FBB-4D3D-BE28-25C406217BE4}
		{1448C067-CC54-4237-8604-974545245DF8} = {4CCEAA66-E99F-4438-9CC8-92F48BE6115B}
		{22E3DE1C-C191-4CBC-9DF9-B8CDD029D2E7} = {1448C067-CC54-4237-8604-974545245DF8}
		{AD7BEB38-2AF3-4E0D-A87A-F026D59EE3FA} = {1448C067-CC54-4237-8604-974545245DF8}
		{2B356B48-660C-4F8C-ADD0-81B86AE27C23} = {1448C067-CC54-4237-8604-974545245DF8}
		{0FB2D0A9-9C9B-4C2D-954F-28B2E8ABBE32} = {1448C067-CC54-4237-8604-974545245DF8}
		{AA9381D4-AD8A-4C22-9901-6EBEAC8EC749} = {C0465E3F-C38C-4AA7-B83C-319874225936}
		{8FBE3E82-61C0-4855-B999-DF69DCDBE9A9} = {4239ECB1-6FBB-4D3D-BE28-25C406217BE4}
		{26FA7561-5FB9-41FF-AC49-8A911B1B3069} = {45664D5D-7622-4BBE-B4E3-21700F01C782}
		{D1B24D0B-9405-47ED-A5BB-6A4AD22078CB} = {4239ECB1-6FBB-4D3D-BE28-25C406217BE4}
		{205ECC60-13DD-4D42-9C03-759F47006051} = {D1B24D0B-9405-47ED-A5BB-6A4AD22078CB}
	EndGlobalSection
	GlobalSection(ExtensibilityGlobals) = postSolution
		SolutionGuid = {2952CB27-8B08-4775-B05F-7CA7C12A8BE4}
	EndGlobalSection
EndGlobal
